
Microsoft Visual Studio Solution File, Format Version 12.00
# Visual Studio Version 16
VisualStudioVersion = 16.0.30611.23
MinimumVisualStudioVersion = 10.0.40219.1
Project("{9A19103F-16F7-4668-BE54-9A1E7A4F7556}") = "Match Full Name", "ConsoleApp3\Match Full Name.csproj", "{4005E098-B414-49F0-B713-25178AFC988C}"
EndProject
Project("{FAE04EC0-301F-11D3-BF4B-00C04F79EFBC}") = "Match Phone Number", "Match Phone Number\Match Phone Number.csproj", "{445DF7AE-6BC7-46BF-9516-63BA6B19DCF6}"
EndProject
Project("{FAE04EC0-301F-11D3-BF4B-00C04F79EFBC}") = "Match Dates", "Match Dates\Match Dates.csproj", "{2EDB393E-5FA1-4473-BB11-71A5EE05F1E3}"
EndProject
Global
	GlobalSection(SolutionConfigurationPlatforms) = preSolution
		Debug|Any CPU = Debug|Any CPU
		Release|Any CPU = Release|Any CPU
	EndGlobalSection
	GlobalSection(ProjectConfigurationPlatforms) = postSolution
		{4005E098-B414-49F0-B713-25178AFC988C}.Debug|Any CPU.ActiveCfg = Debug|Any CPU
		{4005E098-B414-49F0-B713-25178AFC988C}.Debug|Any CPU.Build.0 = Debug|Any CPU
		{4005E098-B414-49F0-B713-25178AFC988C}.Release|Any CPU.ActiveCfg = Release|Any CPU
		{4005E098-B414-49F0-B713-25178AFC988C}.Release|Any CPU.Build.0 = Release|Any CPU
		{445DF7AE-6BC7-46BF-9516-63BA6B19DCF6}.Debug|Any CPU.ActiveCfg = Debug|Any CPU
		{445DF7AE-6BC7-46BF-9516-63BA6B19DCF6}.Debug|Any CPU.Build.0 = Debug|Any CPU
		{445DF7AE-6BC7-46BF-9516-63BA6B19DCF6}.Release|Any CPU.ActiveCfg = Release|Any CPU
		{445DF7AE-6BC7-46BF-9516-63BA6B19DCF6}.Release|Any CPU.Build.0 = Release|Any CPU
		{2EDB393E-5FA1-4473-BB11-71A5EE05F1E3}.Debug|Any CPU.ActiveCfg = Debug|Any CPU
		{2EDB393E-5FA1-4473-BB11-71A5EE05F1E3}.Debug|Any CPU.Build.0 = Debug|Any CPU
		{2EDB393E-5FA1-4473-BB11-71A5EE05F1E3}.Release|Any CPU.ActiveCfg = Release|Any CPU
		{2EDB393E-5FA1-4473-BB11-71A5EE05F1E3}.Release|Any CPU.Build.0 = Release|Any CPU
	EndGlobalSection
	GlobalSection(SolutionProperties) = preSolution
		HideSolutionNode = FALSE
	EndGlobalSection
	GlobalSection(ExtensibilityGlobals) = postSolution
		SolutionGuid = {9E45E1E7-AB30-46F4-87D8-CBD613FD9B9C}
	EndGlobalSection
EndGlobal
